<Solution>
  <Project Path="src/linux/AI/DaxAlgo.Daxq.Contracts/DaxAlgo.Daxq.Contracts.csproj" />
  <Project Path="src/linux/AI/DaxAlgo.Daxq.Host/DaxAlgo.Daxq.Host.csproj" />
  <Project Path="src/linux/AI/DaxAlgo.Daxq.Vm/DaxAlgo.Daxq.Vm.csproj" />
  <Project Path="src/linux/AI/DaxAlgo.FootprintTransformer/DaxAlgo.FootprintTransformer.csproj" />
  <Project Path="src/linux/AI/TradingTerminal.Ai.Coordinator.Contracts/TradingTerminal.Ai.Coordinator.Contracts.csproj" />
  <Project Path="src/linux/AI/TradingTerminal.Ai.Coordinator.Client/TradingTerminal.Ai.Coordinator.Client.csproj" />
  <Project Path="src/linux/AI/TradingTerminal.Ai.Coordinator/TradingTerminal.Ai.Coordinator.csproj" />
  <Project Path="src/linux/AI/TradingTerminal.Ai.BacktestAnalysis/TradingTerminal.Ai.BacktestAnalysis.csproj" />
  <Project Path="src/linux/AI/TradingTerminal.Ai.FactorResearch/TradingTerminal.Ai.FactorResearch.csproj" />
  <Project Path="src/linux/AI/TradingTerminal.Ai.MarketAnalyst/TradingTerminal.Ai.MarketAnalyst.csproj" />
  <Project Path="src/linux/AI/TradingTerminal.Ai.MlFeatures/TradingTerminal.Ai.MlFeatures.csproj" />
  <Project Path="src/linux/AI/TradingTerminal.Ai.PaperLab/TradingTerminal.Ai.PaperLab.csproj" />
  <Project Path="src/linux/AI/TradingTerminal.Ai/TradingTerminal.Ai.csproj" />
  <Project Path="src/linux/Backtest/TradingTerminal.Backtest.Cli/TradingTerminal.Backtest.Cli.csproj" />
  <Project Path="src/linux/Backtest/TradingTerminal.Backtest.Client/TradingTerminal.Backtest.Client.csproj" />
  <Project Path="src/linux/Backtest/TradingTerminal.Backtest.Engine/TradingTerminal.Backtest.Engine.csproj" />
  <Project Path="src/linux/Backtest/TradingTerminal.Backtest.Protocol/TradingTerminal.Backtest.Protocol.csproj" />
  <Project Path="src/linux/Backtest/TradingTerminal.Backtest.Worker/TradingTerminal.Backtest.Worker.csproj" />
  <Project Path="src/linux/Charts/TradingTerminal.Heatmap/TradingTerminal.Heatmap.csproj" />
  <Project Path="src/linux/Charts/TradingTerminal.Charts/TradingTerminal.Charts.csproj" />
  <Project Path="src/linux/Charts/TradingTerminal.BubbleChart/TradingTerminal.BubbleChart.csproj" />
  <Project Path="src/linux/Charts/TradingTerminal.SurfaceLab/TradingTerminal.SurfaceLab.csproj" />
  <Project Path="src/linux/Charts/TradingTerminal.OrderBook/TradingTerminal.OrderBook.csproj" />
  <Project Path="src/linux/Charts/TradingTerminal.VolumeFootprint/TradingTerminal.VolumeFootprint.csproj" />
  <Project Path="src/linux/Core/TradingTerminal.Core/TradingTerminal.Core.csproj" />
  <Project Path="src/linux/Sdk/DaxAlgo.Strategy.Bundle/DaxAlgo.Strategy.Bundle.csproj" />
  <Project Path="src/linux/Sdk/DaxAlgo.Sdk/DaxAlgo.Sdk.csproj" />
  <Project Path="src/linux/Pipeline/TradingTerminal.Infrastructure/TradingTerminal.Infrastructure.csproj" />
  <Project Path="src/linux/Pipeline/TradingTerminal.MarketData/TradingTerminal.MarketData.csproj" />
  <Project Path="src/linux/Shell/TradingTerminal.Accounts/TradingTerminal.Accounts.csproj" />
  <Project Path="src/linux/Shell/TradingTerminal.Login/TradingTerminal.Login.csproj" />
  <Project Path="src/linux/Shell/TradingTerminal.App.Avalonia/TradingTerminal.App.Avalonia.csproj" />
  <Project Path="src/linux/Tools/TradingTerminal.AdvancedMarketRegime/TradingTerminal.AdvancedMarketRegime.csproj" />
  <Project Path="src/linux/Tools/DaxAlgo.Codegen/DaxAlgo.Codegen.csproj" />
  <Project Path="src/linux/Tools/DaxAlgo.Coordinator.Cli/DaxAlgo.Coordinator.Cli.csproj" />
  <Project Path="src/linux/Tools/DaxAlgo.Daxq.Compiler/DaxAlgo.Daxq.Compiler.csproj" />
  <Project Path="src/linux/Tools/DaxAlgo.Strategy.BundleTool/DaxAlgo.Strategy.BundleTool.csproj" />
  <Project Path="src/linux/Tools/DaxAlgo.StrategyTool/DaxAlgo.StrategyTool.csproj" />
  <Project Path="src/linux/Tools/TradingTerminal.Backtest/TradingTerminal.Backtest.csproj" />
  <Project Path="src/linux/Tools/TradingTerminal.BacktestStudio/TradingTerminal.BacktestStudio.csproj" />
  <Project Path="src/linux/Tools/TradingTerminal.Correlation/TradingTerminal.Correlation.csproj" />
  <Project Path="src/linux/Tools/TradingTerminal.LseBacktest/TradingTerminal.LseBacktest.csproj" />
  <Project Path="src/linux/Tools/TradingTerminal.QuantConnect/TradingTerminal.QuantConnect.csproj" />
  <Project Path="src/linux/Tools/TradingTerminal.Recording/TradingTerminal.Recording.csproj" />
  <Project Path="src/linux/UI/TradingTerminal.Settings/TradingTerminal.Settings.csproj" />
  <Project Path="src/linux/UI/TradingTerminal.StrategyComposer/TradingTerminal.StrategyComposer.csproj" />
  <Project Path="src/linux/UI/TradingTerminal.UI.Avalonia/TradingTerminal.UI.Avalonia.csproj" />
  <Project Path="src/linux/UI/TradingTerminal.UI.Core/TradingTerminal.UI.Core.csproj" />
  <Project Path="tests/linux/DaxAlgo.Daxq.Contracts.Tests/DaxAlgo.Daxq.Contracts.Tests.csproj" />
  <Project Path="tests/linux/DaxAlgo.Daxq.Vm.Tests/DaxAlgo.Daxq.Vm.Tests.csproj" />
  <Project Path="tests/linux/DaxAlgo.Daxq.Compiler.Tests/DaxAlgo.Daxq.Compiler.Tests.csproj" />
  <Project Path="tests/linux/DaxAlgo.Daxq.Host.Tests/DaxAlgo.Daxq.Host.Tests.csproj" />
  <Project Path="tests/linux/Fixtures/DaxAlgo.SamplePlugin/DaxAlgo.SamplePlugin.csproj" />
  <Project Path="tests/linux/TradingTerminal.Tests.Headless/TradingTerminal.Tests.Headless.csproj" />
  <Project Path="tests/linux/TradingTerminal.App.Avalonia.Tests/TradingTerminal.App.Avalonia.Tests.csproj" />
</Solution>
